
Microsoft Visual Studio Solution File, Format Version 12.00
# Visual Studio Version 16
VisualStudioVersion = 16.0.30320.27
MinimumVisualStudioVersion = 10.0.40219.1
Project("{FAE04EC0-301F-11D3-BF4B-00C04F79EFBC}") = "JenkinsVaultPoc", "JenkinsVaultPoc.csproj", "{29808C80-0591-4ABE-A106-6E7028C8B8CB}"
EndProject
Global
	GlobalSection(SolutionConfigurationPlatforms) = preSolution
		Debug|Any CPU = Debug|Any CPU
		Release|Any CPU = Release|Any CPU
	EndGlobalSection
	GlobalSection(ProjectConfigurationPlatforms) = postSolution
		{29808C80-0591-4ABE-A106-6E7028C8B8CB}.Debug|Any CPU.ActiveCfg = Debug|Any CPU
		{29808C80-0591-4ABE-A106-6E7028C8B8CB}.Debug|Any CPU.Build.0 = Debug|Any CPU
		{29808C80-0591-4ABE-A106-6E7028C8B8CB}.Release|Any CPU.ActiveCfg = Release|Any CPU
		{29808C80-0591-4ABE-A106-6E7028C8B8CB}.Release|Any CPU.Build.0 = Release|Any CPU
	EndGlobalSection
	GlobalSection(SolutionProperties) = preSolution
		HideSolutionNode = FALSE
	EndGlobalSection
	GlobalSection(ExtensibilityGlobals) = postSolution
		SolutionGuid = {10855BF4-B7B9-4224-A2A6-B2045A97FFC0}
	EndGlobalSection
EndGlobal
